// !$*UTF8*$!
{
	archiveVersion = 1;
	classes = {
	};
	objectVersion = 48;
	objects = {

/* Begin PBXBuildFile section */
		764ECDF020170E0600F179AE /* AppDelegate.swift in Sources */ = {isa = PBXBuildFile; fileRef = 764ECDEF20170E0600F179AE /* AppDelegate.swift */; };
		764ECDF220170E0600F179AE /* FirstViewController.swift in Sources */ = {isa = PBXBuildFile; fileRef = 764ECDF120170E0600F179AE /* FirstViewController.swift */; };
		764ECDF420170E0600F179AE /* SecondViewController.swift in Sources */ = {isa = PBXBuildFile; fileRef = 764ECDF320170E0600F179AE /* SecondViewController.swift */; };
		764ECDF720170E0600F179AE /* Main.storyboard in Resources */ = {isa = PBXBuildFile; fileRef = 764ECDF520170E0600F179AE /* Main.storyboard */; };
		764ECDF920170E0600F179AE /* Assets.xcassets in Resources */ = {isa = PBXBuildFile; fileRef = 764ECDF820170E0600F179AE /* Assets.xcassets */; };
		764ECDFC20170E0600F179AE /* LaunchScreen.storyboard in Resources */ = {isa = PBXBuildFile; fileRef = 764ECDFA20170E0600F179AE /* LaunchScreen.storyboard */; };
		764ECE0720170E0600F179AE /* RippalTests.swift in Sources */ = {isa = PBXBuildFile; fileRef = 764ECE0620170E0600F179AE /* RippalTests.swift */; };
		764ECE1220170E0600F179AE /* RippalUITests.swift in Sources */ = {isa = PBXBuildFile; fileRef = 764ECE1120170E0600F179AE /* RippalUITests.swift */; };
/* End PBXBuildFile section */

/* Begin PBXContainerItemProxy section */
		764ECE0320170E0600F179AE /* PBXContainerItemProxy */ = {
			isa = PBXContainerItemProxy;
			containerPortal = 764ECDE420170E0600F179AE /* Project object */;
			proxyType = 1;
			remoteGlobalIDString = 764ECDEB20170E0600F179AE;
			remoteInfo = Rippal;
		};
		764ECE0E20170E0600F179AE /* PBXContainerItemProxy */ = {
			isa = PBXContainerItemProxy;
			containerPortal = 764ECDE420170E0600F179AE /* Project object */;
			proxyType = 1;
			remoteGlobalIDString = 764ECDEB20170E0600F179AE;
			remoteInfo = Rippal;
		};
/* End PBXContainerItemProxy section */

/* Begin PBXFileReference section */
		764ECDEC20170E0600F179AE /* Rippal.app */ = {isa = PBXFileReference; explicitFileType = wrapper.application; includeInIndex = 0; path = Rippal.app; sourceTree = BUILT_PRODUCTS_DIR; };
		764ECDEF20170E0600F179AE /* AppDelegate.swift */ = {isa = PBXFileReference; lastKnownFileType = sourcecode.swift; path = AppDelegate.swift; sourceTree = "<group>"; };
		764ECDF120170E0600F179AE /* FirstViewController.swift */ = {isa = PBXFileReference; lastKnownFileType = sourcecode.swift; path = FirstViewController.swift; sourceTree = "<group>"; };
		764ECDF320170E0600F179AE /* SecondViewController.swift */ = {isa = PBXFileReference; lastKnownFileType = sourcecode.swift; path = SecondViewController.swift; sourceTree = "<group>"; };
		764ECDF620170E0600F179AE /* Base */ = {isa = PBXFileReference; lastKnownFileType = file.storyboard; name = Base; path = Base.lproj/Main.storyboard; sourceTree = "<group>"; };
		764ECDF820170E0600F179AE /* Assets.xcassets */ = {isa = PBXFileReference; lastKnownFileType = folder.assetcatalog; path = Assets.xcassets; sourceTree = "<group>"; };
		764ECDFB20170E0600F179AE /* Base */ = {isa = PBXFileReference; lastKnownFileType = file.storyboard; name = Base; path = Base.lproj/LaunchScreen.storyboard; sourceTree = "<group>"; };
		764ECDFD20170E0600F179AE /* Info.plist */ = {isa = PBXFileReference; lastKnownFileType = text.plist.xml; path = Info.plist; sourceTree = "<group>"; };
		764ECE0220170E0600F179AE /* RippalTests.xctest */ = {isa = PBXFileReference; explicitFileType = wrapper.cfbundle; includeInIndex = 0; path = RippalTests.xctest; sourceTree = BUILT_PRODUCTS_DIR; };
		764ECE0620170E0600F179AE /* RippalTests.swift */ = {isa = PBXFileReference; lastKnownFileType = sourcecode.swift; path = RippalTests.swift; sourceTree = "<group>"; };
		764ECE0820170E0600F179AE /* Info.plist */ = {isa = PBXFileReference; lastKnownFileType = text.plist.xml; path = Info.plist; sourceTree = "<group>"; };
		764ECE0D20170E0600F179AE /* RippalUITests.xctest */ = {isa = PBXFileReference; explicitFileType = wrapper.cfbundle; includeInIndex = 0; path = RippalUITests.xctest; sourceTree = BUILT_PRODUCTS_DIR; };
		764ECE1120170E0600F179AE /* RippalUITests.swift */ = {isa = PBXFileReference; lastKnownFileType = sourcecode.swift; path = RippalUITests.swift; sourceTree = "<group>"; };
		764ECE1320170E0600F179AE /* Info.plist */ = {isa = PBXFileReference; lastKnownFileType = text.plist.xml; path = Info.plist; sourceTree = "<group>"; };
/* End PBXFileReference section */

/* Begin PBXFrameworksBuildPhase section */
		764ECDE920170E0600F179AE /* Frameworks */ = {
			isa = PBXFrameworksBuildPhase;
			buildActionMask = 2147483647;
			files = (
			);
			runOnlyForDeploymentPostprocessing = 0;
		};
		764ECDFF20170E0600F179AE /* Frameworks */ = {
			isa = PBXFrameworksBuildPhase;
			buildActionMask = 2147483647;
			files = (
			);
			runOnlyForDeploymentPostprocessing = 0;
		};
		764ECE0A20170E0600F179AE /* Frameworks */ = {
			isa = PBXFrameworksBuildPhase;
			buildActionMask = 2147483647;
			files = (
			);
			runOnlyForDeploymentPostprocessing = 0;
		};
/* End PBXFrameworksBuildPhase section */

/* Begin PBXGroup section */
		764ECDE320170E0600F179AE = {
			isa = PBXGroup;
			children = (
				764ECDEE20170E0600F179AE /* Rippal */,
				764ECE0520170E0600F179AE /* RippalTests */,
				764ECE1020170E0600F179AE /* RippalUITests */,
				764ECDED20170E0600F179AE /* Products */,
			);
			sourceTree = "<group>";
		};
		764ECDED20170E0600F179AE /* Products */ = {
			isa = PBXGroup;
			children = (
				764ECDEC20170E0600F179AE /* Rippal.app */,
				764ECE0220170E0600F179AE /* RippalTests.xctest */,
				764ECE0D20170E0600F179AE /* RippalUITests.xctest */,
			);
			name = Products;
			sourceTree = "<group>";
		};
		764ECDEE20170E0600F179AE /* Rippal */ = {
			isa = PBXGroup;
			children = (
				764ECDEF20170E0600F179AE /* AppDelegate.swift */,
				764ECDF120170E0600F179AE /* FirstViewController.swift */,
				764ECDF320170E0600F179AE /* SecondViewController.swift */,
				764ECDF520170E0600F179AE /* Main.storyboard */,
				764ECDF820170E0600F179AE /* Assets.xcassets */,
				764ECDFA20170E0600F179AE /* LaunchScreen.storyboard */,
				764ECDFD20170E0600F179AE /* Info.plist */,
			);
			path = Rippal;
			sourceTree = "<group>";
		};
		764ECE0520170E0600F179AE /* RippalTests */ = {
			isa = PBXGroup;
			children = (
				764ECE0620170E0600F179AE /* RippalTests.swift */,
				764ECE0820170E0600F179AE /* Info.plist */,
			);
			path = RippalTests;
			sourceTree = "<group>";
		};
		764ECE1020170E0600F179AE /* RippalUITests */ = {
			isa = PBXGroup;
			children = (
				764ECE1120170E0600F179AE /* RippalUITests.swift */,
				764ECE1320170E0600F179AE /* Info.plist */,
			);
			path = RippalUITests;
			sourceTree = "<group>";
		};
/* End PBXGroup section */

/* Begin PBXNativeTarget section */
		764ECDEB20170E0600F179AE /* Rippal */ = {
			isa = PBXNativeTarget;
			buildConfigurationList = 764ECE1620170E0600F179AE /* Build configuration list for PBXNativeTarget "Rippal" */;
			buildPhases = (
				764ECDE820170E0600F179AE /* Sources */,
				764ECDE920170E0600F179AE /* Frameworks */,
				764ECDEA20170E0600F179AE /* Resources */,
			);
			buildRules = (
			);
			dependencies = (
			);
			name = Rippal;
			productName = Rippal;
			productReference = 764ECDEC20170E0600F179AE /* Rippal.app */;
			productType = "com.apple.product-type.application";
		};
		764ECE0120170E0600F179AE /* RippalTests */ = {
			isa = PBXNativeTarget;
			buildConfigurationList = 764ECE1920170E0600F179AE /* Build configuration list for PBXNativeTarget "RippalTests" */;
			buildPhases = (
				764ECDFE20170E0600F179AE /* Sources */,
				764ECDFF20170E0600F179AE /* Frameworks */,
				764ECE0020170E0600F179AE /* Resources */,
			);
			buildRules = (
			);
			dependencies = (
				764ECE0420170E0600F179AE /* PBXTargetDependency */,
			);
			name = RippalTests;
			productName = RippalTests;
			productReference = 764ECE0220170E0600F179AE /* RippalTests.xctest */;
			productType = "com.apple.product-type.bundle.unit-test";
		};
		764ECE0C20170E0600F179AE /* RippalUITests */ = {
			isa = PBXNativeTarget;
			buildConfigurationList = 764ECE1C20170E0600F179AE /* Build configuration list for PBXNativeTarget "RippalUITests" */;
			buildPhases = (
				764ECE0920170E0600F179AE /* Sources */,
				764ECE0A20170E0600F179AE /* Frameworks */,
				764ECE0B20170E0600F179AE /* Resources */,
			);
			buildRules = (
			);
			dependencies = (
				764ECE0F20170E0600F179AE /* PBXTargetDependency */,
			);
			name = RippalUITests;
			productName = RippalUITests;
			productReference = 764ECE0D20170E0600F179AE /* RippalUITests.xctest */;
			productType = "com.apple.product-type.bundle.ui-testing";
		};
/* End PBXNativeTarget section */

/* Begin PBXProject section */
		764ECDE420170E0600F179AE /* Project object */ = {
			isa = PBXProject;
			attributes = {
				LastSwiftUpdateCheck = 0920;
				LastUpgradeCheck = 0920;
				ORGANIZATIONNAME = Rippal;
				TargetAttributes = {
					764ECDEB20170E0600F179AE = {
						CreatedOnToolsVersion = 9.2;
						ProvisioningStyle = Automatic;
					};
					764ECE0120170E0600F179AE = {
						CreatedOnToolsVersion = 9.2;
						ProvisioningStyle = Automatic;
						TestTargetID = 764ECDEB20170E0600F179AE;
					};
					764ECE0C20170E0600F179AE = {
						CreatedOnToolsVersion = 9.2;
						ProvisioningStyle = Automatic;
						TestTargetID = 764ECDEB20170E0600F179AE;
					};
				};
			};
			buildConfigurationList = 764ECDE720170E0600F179AE /* Build configuration list for PBXProject "Rippal" */;
			compatibilityVersion = "Xcode 8.0";
			developmentRegion = en;
			hasScannedForEncodings = 0;
			knownRegions = (
				en,
				Base,
			);
			mainGroup = 764ECDE320170E0600F179AE;
			productRefGroup = 764ECDED20170E0600F179AE /* Products */;
			projectDirPath = "";
			projectRoot = "";
			targets = (
				764ECDEB20170E0600F179AE /* Rippal */,
				764ECE0120170E0600F179AE /* RippalTests */,
				764ECE0C20170E0600F179AE /* RippalUITests */,
			);
		};
/* End PBXProject section */

/* Begin PBXResourcesBuildPhase section */
		764ECDEA20170E0600F179AE /* Resources */ = {
			isa = PBXResourcesBuildPhase;
			buildActionMask = 2147483647;
			files = (
				764ECDFC20170E0600F179AE /* LaunchScreen.storyboard in Resources */,
				764ECDF920170E0600F179AE /* Assets.xcassets in Resources */,
				764ECDF720170E0600F179AE /* Main.storyboard in Resources */,
			);
			runOnlyForDeploymentPostprocessing = 0;
		};
		764ECE0020170E0600F179AE /* Resources */ = {
			isa = PBXResourcesBuildPhase;
			buildActionMask = 2147483647;
			files = (
			);
			runOnlyForDeploymentPostprocessing = 0;
		};
		764ECE0B20170E0600F179AE /* Resources */ = {
			isa = PBXResourcesBuildPhase;
			buildActionMask = 2147483647;
			files = (
			);
			runOnlyForDeploymentPostprocessing = 0;
		};
/* End PBXResourcesBuildPhase section */

/* Begin PBXSourcesBuildPhase section */
		764ECDE820170E0600F179AE /* Sources */ = {
			isa = PBXSourcesBuildPhase;
			buildActionMask = 2147483647;
			files = (
				764ECDF420170E0600F179AE /* SecondViewController.swift in Sources */,
				764ECDF020170E0600F179AE /* AppDelegate.swift in Sources */,
				764ECDF220170E0600F179AE /* FirstViewController.swift in Sources */,
			);
			runOnlyForDeploymentPostprocessing = 0;
		};
		764ECDFE20170E0600F179AE /* Sources */ = {
			isa = PBXSourcesBuildPhase;
			buildActionMask = 2147483647;
			files = (
				764ECE0720170E0600F179AE /* RippalTests.swift in Sources */,
			);
			runOnlyForDeploymentPostprocessing = 0;
		};
		764ECE0920170E0600F179AE /* Sources */ = {
			isa = PBXSourcesBuildPhase;
			buildActionMask = 2147483647;
			files = (
				764ECE1220170E0600F179AE /* RippalUITests.swift in Sources */,
			);
			runOnlyForDeploymentPostprocessing = 0;
		};
/* End PBXSourcesBuildPhase section */

/* Begin PBXTargetDependency section */
		764ECE0420170E0600F179AE /* PBXTargetDependency */ = {
			isa = PBXTargetDependency;
			target = 764ECDEB20170E0600F179AE /* Rippal */;
			targetProxy = 764ECE0320170E0600F179AE /* PBXContainerItemProxy */;
		};
		764ECE0F20170E0600F179AE /* PBXTargetDependency */ = {
			isa = PBXTargetDependency;
			target = 764ECDEB20170E0600F179AE /* Rippal */;
			targetProxy = 764ECE0E20170E0600F179AE /* PBXContainerItemProxy */;
		};
/* End PBXTargetDependency section */

/* Begin PBXVariantGroup section */
		764ECDF520170E0600F179AE /* Main.storyboard */ = {
			isa = PBXVariantGroup;
			children = (
				764ECDF620170E0600F179AE /* Base */,
			);
			name = Main.storyboard;
			sourceTree = "<group>";
		};
		764ECDFA20170E0600F179AE /* LaunchScreen.storyboard */ = {
			isa = PBXVariantGroup;
			children = (
				764ECDFB20170E0600F179AE /* Base */,
			);
			name = LaunchScreen.storyboard;
			sourceTree = "<group>";
		};
/* End PBXVariantGroup section */

/* Begin XCBuildConfiguration section */
		764ECE1420170E0600F179AE /* Debug */ = {
			isa = XCBuildConfiguration;
			buildSettings = {
				ALWAYS_SEARCH_USER_PATHS = NO;
				CLANG_ANALYZER_NONNULL = YES;
				CLANG_ANALYZER_NUMBER_OBJECT_CONVERSION = YES_AGGRESSIVE;
				CLANG_CXX_LANGUAGE_STANDARD = "gnu++14";
				CLANG_CXX_LIBRARY = "libc++";
				CLANG_ENABLE_MODULES = YES;
				CLANG_ENABLE_OBJC_ARC = YES;
				CLANG_WARN_BLOCK_CAPTURE_AUTORELEASING = YES;
				CLANG_WARN_BOOL_CONVERSION = YES;
				CLANG_WARN_COMMA = YES;
				CLANG_WARN_CONSTANT_CONVERSION = YES;
				CLANG_WARN_DIRECT_OBJC_ISA_USAGE = YES_ERROR;
				CLANG_WARN_DOCUMENTATION_COMMENTS = YES;
				CLANG_WARN_EMPTY_BODY = YES;
				CLANG_WARN_ENUM_CONVERSION = YES;
				CLANG_WARN_INFINITE_RECURSION = YES;
				CLANG_WARN_INT_CONVERSION = YES;
				CLANG_WARN_NON_LITERAL_NULL_CONVERSION = YES;
				CLANG_WARN_OBJC_LITERAL_CONVERSION = YES;
				CLANG_WARN_OBJC_ROOT_CLASS = YES_ERROR;
				CLANG_WARN_RANGE_LOOP_ANALYSIS = YES;
				CLANG_WARN_STRICT_PROTOTYPES = YES;
				CLANG_WARN_SUSPICIOUS_MOVE = YES;
				CLANG_WARN_UNGUARDED_AVAILABILITY = YES_AGGRESSIVE;
				CLANG_WARN_UNREACHABLE_CODE = YES;
				CLANG_WARN__DUPLICATE_METHOD_MATCH = YES;
				CODE_SIGN_IDENTITY = "iPhone Developer";
				COPY_PHASE_STRIP = NO;
				DEBUG_INFORMATION_FORMAT = dwarf;
				ENABLE_STRICT_OBJC_MSGSEND = YES;
				ENABLE_TESTABILITY = YES;
				GCC_C_LANGUAGE_STANDARD = gnu11;
				GCC_DYNAMIC_NO_PIC = NO;
				GCC_NO_COMMON_BLOCKS = YES;
				GCC_OPTIMIZATION_LEVEL = 0;
				GCC_PREPROCESSOR_DEFINITIONS = (
					"DEBUG=1",
					"$(inherited)",
				);
				GCC_WARN_64_TO_32_BIT_CONVERSION = YES;
				GCC_WARN_ABOUT_RETURN_TYPE = YES_ERROR;
				GCC_WARN_UNDECLARED_SELECTOR = YES;
				GCC_WARN_UNINITIALIZED_AUTOS = YES_AGGRESSIVE;
				GCC_WARN_UNUSED_FUNCTION = YES;
				GCC_WARN_UNUSED_VARIABLE = YES;
				IPHONEOS_DEPLOYMENT_TARGET = 11.2;
				MTL_ENABLE_DEBUG_INFO = YES;
				ONLY_ACTIVE_ARCH = YES;
				SDKROOT = iphoneos;
				SWIFT_ACTIVE_COMPILATION_CONDITIONS = DEBUG;
				SWIFT_OPTIMIZATION_LEVEL = "-Onone";
			};
			name = Debug;
		};
		764ECE1520170E0600F179AE /* Release */ = {
			isa = XCBuildConfiguration;
			buildSettings = {
				ALWAYS_SEARCH_USER_PATHS = NO;
				CLANG_ANALYZER_NONNULL = YES;
				CLANG_ANALYZER_NUMBER_OBJECT_CONVERSION = YES_AGGRESSIVE;
				CLANG_CXX_LANGUAGE_STANDARD = "gnu++14";
				CLANG_CXX_LIBRARY = "libc++";
				CLANG_ENABLE_MODULES = YES;
				CLANG_ENABLE_OBJC_ARC = YES;
				CLANG_WARN_BLOCK_CAPTURE_AUTORELEASING = YES;
				CLANG_WARN_BOOL_CONVERSION = YES;
				CLANG_WARN_COMMA = YES;
				CLANG_WARN_CONSTANT_CONVERSION = YES;
				CLANG_WARN_DIRECT_OBJC_ISA_USAGE = YES_ERROR;
				CLANG_WARN_DOCUMENTATION_COMMENTS = YES;
				CLANG_WARN_EMPTY_BODY = YES;
				CLANG_WARN_ENUM_CONVERSION = YES;
				CLANG_WARN_INFINITE_RECURSION = YES;
				CLANG_WARN_INT_CONVERSION = YES;
				CLANG_WARN_NON_LITERAL_NULL_CONVERSION = YES;
				CLANG_WARN_OBJC_LITERAL_CONVERSION = YES;
				CLANG_WARN_OBJC_ROOT_CLASS = YES_ERROR;
				CLANG_WARN_RANGE_LOOP_ANALYSIS = YES;
				CLANG_WARN_STRICT_PROTOTYPES = YES;
				CLANG_WARN_SUSPICIOUS_MOVE = YES;
				CLANG_WARN_UNGUARDED_AVAILABILITY = YES_AGGRESSIVE;
				CLANG_WARN_UNREACHABLE_CODE = YES;
				CLANG_WARN__DUPLICATE_METHOD_MATCH = YES;
				CODE_SIGN_IDENTITY = "iPhone Developer";
				COPY_PHASE_STRIP = NO;
				DEBUG_INFORMATION_FORMAT = "dwarf-with-dsym";
				ENABLE_NS_ASSERTIONS = NO;
				ENABLE_STRICT_OBJC_MSGSEND = YES;
				GCC_C_LANGUAGE_STANDARD = gnu11;
				GCC_NO_COMMON_BLOCKS = YES;
				GCC_WARN_64_TO_32_BIT_CONVERSION = YES;
				GCC_WARN_ABOUT_RETURN_TYPE = YES_ERROR;
				GCC_WARN_UNDECLARED_SELECTOR = YES;
				GCC_WARN_UNINITIALIZED_AUTOS = YES_AGGRESSIVE;
				GCC_WARN_UNUSED_FUNCTION = YES;
				GCC_WARN_UNUSED_VARIABLE = YES;
				IPHONEOS_DEPLOYMENT_TARGET = 11.2;
				MTL_ENABLE_DEBUG_INFO = NO;
				SDKROOT = iphoneos;
				SWIFT_OPTIMIZATION_LEVEL = "-Owholemodule";
				VALIDATE_PRODUCT = YES;
			};
			name = Release;
		};
		764ECE1720170E0600F179AE /* Debug */ = {
			isa = XCBuildConfiguration;
			buildSettings = {
				ASSETCATALOG_COMPILER_APPICON_NAME = AppIcon;
				CODE_SIGN_STYLE = Automatic;
				DEVELOPMENT_TEAM = 7ESTDL6E7Z;
				INFOPLIST_FILE = Rippal/Info.plist;
				LD_RUNPATH_SEARCH_PATHS = "$(inherited) @executable_path/Frameworks";
				PRODUCT_BUNDLE_IDENTIFIER = com.midd.Rippal;
				PRODUCT_NAME = "$(TARGET_NAME)";
				SWIFT_VERSION = 4.0;
				TARGETED_DEVICE_FAMILY = "1,2";
			};
			name = Debug;
		};
		764ECE1820170E0600F179AE /* Release */ = {
			isa = XCBuildConfiguration;
			buildSettings = {
				ASSETCATALOG_COMPILER_APPICON_NAME = AppIcon;
				CODE_SIGN_STYLE = Automatic;
				DEVELOPMENT_TEAM = 7ESTDL6E7Z;
				INFOPLIST_FILE = Rippal/Info.plist;
				LD_RUNPATH_SEARCH_PATHS = "$(inherited) @executable_path/Frameworks";
				PRODUCT_BUNDLE_IDENTIFIER = com.midd.Rippal;
				PRODUCT_NAME = "$(TARGET_NAME)";
				SWIFT_VERSION = 4.0;
				TARGETED_DEVICE_FAMILY = "1,2";
			};
			name = Release;
		};
		764ECE1A20170E0600F179AE /* Debug */ = {
			isa = XCBuildConfiguration;
			buildSettings = {
				ALWAYS_EMBED_SWIFT_STANDARD_LIBRARIES = YES;
				BUNDLE_LOADER = "$(TEST_HOST)";
				CODE_SIGN_STYLE = Automatic;
				DEVELOPMENT_TEAM = 7ESTDL6E7Z;
				INFOPLIST_FILE = RippalTests/Info.plist;
				LD_RUNPATH_SEARCH_PATHS = "$(inherited) @executable_path/Frameworks @loader_path/Frameworks";
				PRODUCT_BUNDLE_IDENTIFIER = com.midd.RippalTests;
				PRODUCT_NAME = "$(TARGET_NAME)";
				SWIFT_VERSION = 4.0;
				TARGETED_DEVICE_FAMILY = "1,2";
				TEST_HOST = "$(BUILT_PRODUCTS_DIR)/Rippal.app/Rippal";
			};
			name = Debug;
		};
		764ECE1B20170E0600F179AE /* Release */ = {
			isa = XCBuildConfiguration;
			buildSettings = {
				ALWAYS_EMBED_SWIFT_STANDARD_LIBRARIES = YES;
				BUNDLE_LOADER = "$(TEST_HOST)";
				CODE_SIGN_STYLE = Automatic;
				DEVELOPMENT_TEAM = 7ESTDL6E7Z;
				INFOPLIST_FILE = RippalTests/Info.plist;
				LD_RUNPATH_SEARCH_PATHS = "$(inherited) @executable_path/Frameworks @loader_path/Frameworks";
				PRODUCT_BUNDLE_IDENTIFIER = com.midd.RippalTests;
				PRODUCT_NAME = "$(TARGET_NAME)";
				SWIFT_VERSION = 4.0;
				TARGETED_DEVICE_FAMILY = "1,2";
				TEST_HOST = "$(BUILT_PRODUCTS_DIR)/Rippal.app/Rippal";
			};
			name = Release;
		};
		764ECE1D20170E0600F179AE /* Debug */ = {
			isa = XCBuildConfiguration;
			buildSettings = {
				ALWAYS_EMBED_SWIFT_STANDARD_LIBRARIES = YES;
				CODE_SIGN_STYLE = Automatic;
				DEVELOPMENT_TEAM = 7ESTDL6E7Z;
				INFOPLIST_FILE = RippalUITests/Info.plist;
				LD_RUNPATH_SEARCH_PATHS = "$(inherited) @executable_path/Frameworks @loader_path/Frameworks";
				PRODUCT_BUNDLE_IDENTIFIER = com.midd.RippalUITests;
				PRODUCT_NAME = "$(TARGET_NAME)";
				SWIFT_VERSION = 4.0;
				TARGETED_DEVICE_FAMILY = "1,2";
				TEST_TARGET_NAME = Rippal;
			};
			name = Debug;
		};
		764ECE1E20170E0600F179AE /* Release */ = {
			isa = XCBuildConfiguration;
			buildSettings = {
				ALWAYS_EMBED_SWIFT_STANDARD_LIBRARIES = YES;
				CODE_SIGN_STYLE = Automatic;
				DEVELOPMENT_TEAM = 7ESTDL6E7Z;
				INFOPLIST_FILE = RippalUITests/Info.plist;
				LD_RUNPATH_SEARCH_PATHS = "$(inherited) @executable_path/Frameworks @loader_path/Frameworks";
				PRODUCT_BUNDLE_IDENTIFIER = com.midd.RippalUITests;
				PRODUCT_NAME = "$(TARGET_NAME)";
				SWIFT_VERSION = 4.0;
				TARGETED_DEVICE_FAMILY = "1,2";
				TEST_TARGET_NAME = Rippal;
			};
			name = Release;
		};
/* End XCBuildConfiguration section */

/* Begin XCConfigurationList section */
		764ECDE720170E0600F179AE /* Build configuration list for PBXProject "Rippal" */ = {
			isa = XCConfigurationList;
			buildConfigurations = (
				764ECE1420170E0600F179AE /* Debug */,
				764ECE1520170E0600F179AE /* Release */,
			);
			defaultConfigurationIsVisible = 0;
			defaultConfigurationName = Release;
		};
		764ECE1620170E0600F179AE /* Build configuration list for PBXNativeTarget "Rippal" */ = {
			isa = XCConfigurationList;
			buildConfigurations = (
				764ECE1720170E0600F179AE /* Debug */,
				764ECE1820170E0600F179AE /* Release */,
			);
			defaultConfigurationIsVisible = 0;
			defaultConfigurationName = Release;
		};
		764ECE1920170E0600F179AE /* Build configuration list for PBXNativeTarget "RippalTests" */ = {
			isa = XCConfigurationList;
			buildConfigurations = (
				764ECE1A20170E0600F179AE /* Debug */,
				764ECE1B20170E0600F179AE /* Release */,
			);
			defaultConfigurationIsVisible = 0;
			defaultConfigurationName = Release;
		};
		764ECE1C20170E0600F179AE /* Build configuration list for PBXNativeTarget "RippalUITests" */ = {
			isa = XCConfigurationList;
			buildConfigurations = (
				764ECE1D20170E0600F179AE /* Debug */,
				764ECE1E20170E0600F179AE /* Release */,
			);
			defaultConfigurationIsVisible = 0;
			defaultConfigurationName = Release;
		};
/* End XCConfigurationList section */
	};
	rootObject = 764ECDE420170E0600F179AE /* Project object */;
}
